{
  "name": "angular-phonecat",
  "version": "0.0.0",
  "lockfileVersion": 1,
  "requires": true,
  "dependencies": {
    "angular": {
      "version": "1.5.11",
      "resolved": "https://registry.npmjs.org/angular/-/angular-1.5.11.tgz",
      "integrity": "sha1-jFunOG8VllyazzQp9ogVU6raMNY="
    },
    "angular-animate": {
      "version": "1.5.11",
      "resolved": "https://registry.npmjs.org/angular-animate/-/angular-animate-1.5.11.tgz",
      "integrity": "sha1-G6pDwwPRuTxOaqiUU7ORFLehxmk="
    },
    "angular-mocks": {
      "version": "1.5.11",
      "resolved": "https://registry.npmjs.org/angular-mocks/-/angular-mocks-1.5.11.tgz",
      "integrity": "sha1-oOHdDqVf137np1fXVTbF6WTIb4E="
    },
    "angular-resource": {
      "version": "1.5.11",
      "resolved": "https://registry.npmjs.org/angular-resource/-/angular-resource-1.5.11.tgz",
      "integrity": "sha1-2T6mGRhKLg7jrjOCZXWDYxcpKfA="
    },
    "angular-route": {
      "version": "1.5.11",
      "resolved": "https://registry.npmjs.org/angular-route/-/angular-route-1.5.11.tgz",
      "integrity": "sha1-SWFPOhZ/VCkeRJ/ougXTnFiSS4M="
    },
    "bootstrap": {
      "version": "3.3.7",
      "resolved": "https://registry.npmjs.org/bootstrap/-/bootstrap-3.3.7.tgz",
      "integrity": "sha1-WjiTlFSfIzMIdaOxUGVldPip63E="
    },
    "jquery": {
      "version": "2.2.4",
      "resolved": "https://registry.npmjs.org/jquery/-/jquery-2.2.4.tgz",
      "integrity": "sha1-LInWiJterFIqfuoywUUhVZxsvwI="
    }
  }
}
